
Microsoft Visual Studio Solution File, Format Version 12.00
# Visual Studio 2013
VisualStudioVersion = 12.0.31101.0
MinimumVisualStudioVersion = 10.0.40219.1
Project("{FAE04EC0-301F-11D3-BF4B-00C04F79EFBC}") = "SideDrawer", "SideDrawer\SideDrawer.csproj", "{2BB9728F-AAAC-4FA6-90BC-819F2CEDCCF8}"
EndProject
Project("{FAE04EC0-301F-11D3-BF4B-00C04F79EFBC}") = "ListView", "ListView\ListView.csproj", "{5FBE1B30-C766-45E0-B2FA-AE081D49EA1B}"
EndProject
Global
	GlobalSection(SolutionConfigurationPlatforms) = preSolution
		Ad-Hoc|iPhone = Ad-Hoc|iPhone
		Ad-Hoc|iPhoneSimulator = Ad-Hoc|iPhoneSimulator
		AppStore|iPhone = AppStore|iPhone
		AppStore|iPhoneSimulator = AppStore|iPhoneSimulator
		Debug|iPhone = Debug|iPhone
		Debug|iPhoneSimulator = Debug|iPhoneSimulator
		Release|iPhone = Release|iPhone
		Release|iPhoneSimulator = Release|iPhoneSimulator
	EndGlobalSection
	GlobalSection(ProjectConfigurationPlatforms) = postSolution
		{2BB9728F-AAAC-4FA6-90BC-819F2CEDCCF8}.Ad-Hoc|iPhone.ActiveCfg = Ad-Hoc|iPhone
		{2BB9728F-AAAC-4FA6-90BC-819F2CEDCCF8}.Ad-Hoc|iPhone.Build.0 = Ad-Hoc|iPhone
		{2BB9728F-AAAC-4FA6-90BC-819F2CEDCCF8}.Ad-Hoc|iPhoneSimulator.ActiveCfg = Ad-Hoc|iPhoneSimulator
		{2BB9728F-AAAC-4FA6-90BC-819F2CEDCCF8}.Ad-Hoc|iPhoneSimulator.Build.0 = Ad-Hoc|iPhoneSimulator
		{2BB9728F-AAAC-4FA6-90BC-819F2CEDCCF8}.AppStore|iPhone.ActiveCfg = AppStore|iPhone
		{2BB9728F-AAAC-4FA6-90BC-819F2CEDCCF8}.AppStore|iPhone.Build.0 = AppStore|iPhone
		{2BB9728F-AAAC-4FA6-90BC-819F2CEDCCF8}.AppStore|iPhoneSimulator.ActiveCfg = AppStore|iPhoneSimulator
		{2BB9728F-AAAC-4FA6-90BC-819F2CEDCCF8}.AppStore|iPhoneSimulator.Build.0 = AppStore|iPhoneSimulator
		{2BB9728F-AAAC-4FA6-90BC-819F2CEDCCF8}.Debug|iPhone.ActiveCfg = Debug|iPhone
		{2BB9728F-AAAC-4FA6-90BC-819F2CEDCCF8}.Debug|iPhone.Build.0 = Debug|iPhone
		{2BB9728F-AAAC-4FA6-90BC-819F2CEDCCF8}.Debug|iPhoneSimulator.ActiveCfg = Debug|iPhoneSimulator
		{2BB9728F-AAAC-4FA6-90BC-819F2CEDCCF8}.Debug|iPhoneSimulator.Build.0 = Debug|iPhoneSimulator
		{2BB9728F-AAAC-4FA6-90BC-819F2CEDCCF8}.Release|iPhone.ActiveCfg = Release|iPhone
		{2BB9728F-AAAC-4FA6-90BC-819F2CEDCCF8}.Release|iPhone.Build.0 = Release|iPhone
		{2BB9728F-AAAC-4FA6-90BC-819F2CEDCCF8}.Release|iPhoneSimulator.ActiveCfg = Release|iPhoneSimulator
		{2BB9728F-AAAC-4FA6-90BC-819F2CEDCCF8}.Release|iPhoneSimulator.Build.0 = Release|iPhoneSimulator
		{5FBE1B30-C766-45E0-B2FA-AE081D49EA1B}.Ad-Hoc|iPhone.ActiveCfg = Ad-Hoc|iPhone
		{5FBE1B30-C766-45E0-B2FA-AE081D49EA1B}.Ad-Hoc|iPhone.Build.0 = Ad-Hoc|iPhone
		{5FBE1B30-C766-45E0-B2FA-AE081D49EA1B}.Ad-Hoc|iPhoneSimulator.ActiveCfg = Ad-Hoc|iPhoneSimulator
		{5FBE1B30-C766-45E0-B2FA-AE081D49EA1B}.Ad-Hoc|iPhoneSimulator.Build.0 = Ad-Hoc|iPhoneSimulator
		{5FBE1B30-C766-45E0-B2FA-AE081D49EA1B}.AppStore|iPhone.ActiveCfg = AppStore|iPhone
		{5FBE1B30-C766-45E0-B2FA-AE081D49EA1B}.AppStore|iPhone.Build.0 = AppStore|iPhone
		{5FBE1B30-C766-45E0-B2FA-AE081D49EA1B}.AppStore|iPhoneSimulator.ActiveCfg = AppStore|iPhoneSimulator
		{5FBE1B30-C766-45E0-B2FA-AE081D49EA1B}.AppStore|iPhoneSimulator.Build.0 = AppStore|iPhoneSimulator
		{5FBE1B30-C766-45E0-B2FA-AE081D49EA1B}.Debug|iPhone.ActiveCfg = Debug|iPhone
		{5FBE1B30-C766-45E0-B2FA-AE081D49EA1B}.Debug|iPhone.Build.0 = Debug|iPhone
		{5FBE1B30-C766-45E0-B2FA-AE081D49EA1B}.Debug|iPhoneSimulator.ActiveCfg = Debug|iPhoneSimulator
		{5FBE1B30-C766-45E0-B2FA-AE081D49EA1B}.Debug|iPhoneSimulator.Build.0 = Debug|iPhoneSimulator
		{5FBE1B30-C766-45E0-B2FA-AE081D49EA1B}.Release|iPhone.ActiveCfg = Release|iPhone
		{5FBE1B30-C766-45E0-B2FA-AE081D49EA1B}.Release|iPhone.Build.0 = Release|iPhone
		{5FBE1B30-C766-45E0-B2FA-AE081D49EA1B}.Release|iPhoneSimulator.ActiveCfg = Release|iPhoneSimulator
		{5FBE1B30-C766-45E0-B2FA-AE081D49EA1B}.Release|iPhoneSimulator.Build.0 = Release|iPhoneSimulator
	EndGlobalSection
	GlobalSection(SolutionProperties) = preSolution
		HideSolutionNode = FALSE
	EndGlobalSection
EndGlobal
